
Microsoft Visual Studio Solution File, Format Version 12.00
# Visual Studio 2012
Project("{FAE04EC0-301F-11D3-BF4B-00C04F79EFBC}") = "SmallMarketTask", "SmallMarketTask\SmallMarketTask.csproj", "{5FAF3CA1-5D0C-4C00-963A-0D7AB5CFDBD1}"
EndProject
Project("{FAE04EC0-301F-11D3-BF4B-00C04F79EFBC}") = "SmallMarketTask.Tests", "SmallMarketTask.Tests\SmallMarketTask.Tests.csproj", "{7343C09C-11BE-4366-9194-61772AEA2532}"
EndProject
Global
	GlobalSection(SolutionConfigurationPlatforms) = preSolution
		Debug|Any CPU = Debug|Any CPU
		Release|Any CPU = Release|Any CPU
	EndGlobalSection
	GlobalSection(ProjectConfigurationPlatforms) = postSolution
		{5FAF3CA1-5D0C-4C00-963A-0D7AB5CFDBD1}.Debug|Any CPU.ActiveCfg = Debug|Any CPU
		{5FAF3CA1-5D0C-4C00-963A-0D7AB5CFDBD1}.Debug|Any CPU.Build.0 = Debug|Any CPU
		{5FAF3CA1-5D0C-4C00-963A-0D7AB5CFDBD1}.Release|Any CPU.ActiveCfg = Release|Any CPU
		{5FAF3CA1-5D0C-4C00-963A-0D7AB5CFDBD1}.Release|Any CPU.Build.0 = Release|Any CPU
		{7343C09C-11BE-4366-9194-61772AEA2532}.Debug|Any CPU.ActiveCfg = Debug|Any CPU
		{7343C09C-11BE-4366-9194-61772AEA2532}.Debug|Any CPU.Build.0 = Debug|Any CPU
		{7343C09C-11BE-4366-9194-61772AEA2532}.Release|Any CPU.ActiveCfg = Release|Any CPU
		{7343C09C-11BE-4366-9194-61772AEA2532}.Release|Any CPU.Build.0 = Release|Any CPU
	EndGlobalSection
	GlobalSection(SolutionProperties) = preSolution
		HideSolutionNode = FALSE
	EndGlobalSection
EndGlobal
